# THIS IS AN AUTOGENERATED FILE. DO NOT EDIT THIS FILE DIRECTLY.
# yarn lockfile v1


"@types/crypto-js@^3.1.38":
  version "3.1.38"
  resolved "https://registry.yarnpkg.com/@types/crypto-js/-/crypto-js-3.1.38.tgz#e1367f773edde2986ba9aebee3bf1cdf3e818a5d"

crypto-js@^3.1.9-1:
  version "3.1.9-1"
  resolved "https://registry.yarnpkg.com/crypto-js/-/crypto-js-3.1.9-1.tgz#fda19e761fc077e01ffbfdc6e9fdfc59e8806cd8"
